// !$*UTF8*$!
{
	archiveVersion = 1;
	classes = {
	};
	objectVersion = 50;
	objects = {

/* Begin PBXBuildFile section */
		BC1693DB24D0E44A00F9C8A7 /* AppDelegate.swift in Sources */ = {isa = PBXBuildFile; fileRef = BC1693DA24D0E44A00F9C8A7 /* AppDelegate.swift */; };
		BC1693DD24D0E44A00F9C8A7 /* SceneDelegate.swift in Sources */ = {isa = PBXBuildFile; fileRef = BC1693DC24D0E44A00F9C8A7 /* SceneDelegate.swift */; };
		BC1693DF24D0E44A00F9C8A7 /* ViewController.swift in Sources */ = {isa = PBXBuildFile; fileRef = BC1693DE24D0E44A00F9C8A7 /* ViewController.swift */; };
		BC1693E224D0E44A00F9C8A7 /* Main.storyboard in Resources */ = {isa = PBXBuildFile; fileRef = BC1693E024D0E44A00F9C8A7 /* Main.storyboard */; };
		BC1693E524D0E44A00F9C8A7 /* FINAL_PROJECT.xcdatamodeld in Sources */ = {isa = PBXBuildFile; fileRef = BC1693E324D0E44A00F9C8A7 /* FINAL_PROJECT.xcdatamodeld */; };
		BC1693E724D0E45100F9C8A7 /* Assets.xcassets in Resources */ = {isa = PBXBuildFile; fileRef = BC1693E624D0E45100F9C8A7 /* Assets.xcassets */; };
		BC1693EA24D0E45100F9C8A7 /* LaunchScreen.storyboard in Resources */ = {isa = PBXBuildFile; fileRef = BC1693E824D0E45100F9C8A7 /* LaunchScreen.storyboard */; };
/* End PBXBuildFile section */

/* Begin PBXFileReference section */
		BC1693D724D0E44A00F9C8A7 /* FINAL-PROJECT.app */ = {isa = PBXFileReference; explicitFileType = wrapper.application; includeInIndex = 0; path = "FINAL-PROJECT.app"; sourceTree = BUILT_PRODUCTS_DIR; };
		BC1693DA24D0E44A00F9C8A7 /* AppDelegate.swift */ = {isa = PBXFileReference; lastKnownFileType = sourcecode.swift; path = AppDelegate.swift; sourceTree = "<group>"; };
		BC1693DC24D0E44A00F9C8A7 /* SceneDelegate.swift */ = {isa = PBXFileReference; lastKnownFileType = sourcecode.swift; path = SceneDelegate.swift; sourceTree = "<group>"; };
		BC1693DE24D0E44A00F9C8A7 /* ViewController.swift */ = {isa = PBXFileReference; lastKnownFileType = sourcecode.swift; path = ViewController.swift; sourceTree = "<group>"; };
		BC1693E124D0E44A00F9C8A7 /* Base */ = {isa = PBXFileReference; lastKnownFileType = file.storyboard; name = Base; path = Base.lproj/Main.storyboard; sourceTree = "<group>"; };
		BC1693E424D0E44A00F9C8A7 /* FINAL_PROJECT.xcdatamodel */ = {isa = PBXFileReference; lastKnownFileType = wrapper.xcdatamodel; path = FINAL_PROJECT.xcdatamodel; sourceTree = "<group>"; };
		BC1693E624D0E45100F9C8A7 /* Assets.xcassets */ = {isa = PBXFileReference; lastKnownFileType = folder.assetcatalog; path = Assets.xcassets; sourceTree = "<group>"; };
		BC1693E924D0E45100F9C8A7 /* Base */ = {isa = PBXFileReference; lastKnownFileType = file.storyboard; name = Base; path = Base.lproj/LaunchScreen.storyboard; sourceTree = "<group>"; };
		BC1693EB24D0E45100F9C8A7 /* Info.plist */ = {isa = PBXFileReference; lastKnownFileType = text.plist.xml; path = Info.plist; sourceTree = "<group>"; };
/* End PBXFileReference section */

/* Begin PBXFrameworksBuildPhase section */
		BC1693D424D0E44A00F9C8A7 /* Frameworks */ = {
			isa = PBXFrameworksBuildPhase;
			buildActionMask = 2147483647;
			files = (
			);
			runOnlyForDeploymentPostprocessing = 0;
		};
/* End PBXFrameworksBuildPhase section */

/* Begin PBXGroup section */
		BC1693CE24D0E44A00F9C8A7 = {
			isa = PBXGroup;
			children = (
				BC1693D924D0E44A00F9C8A7 /* FINAL-PROJECT */,
				BC1693D824D0E44A00F9C8A7 /* Products */,
			);
			sourceTree = "<group>";
		};
		BC1693D824D0E44A00F9C8A7 /* Products */ = {
			isa = PBXGroup;
			children = (
				BC1693D724D0E44A00F9C8A7 /* FINAL-PROJECT.app */,
			);
			name = Products;
			sourceTree = "<group>";
		};
		BC1693D924D0E44A00F9C8A7 /* FINAL-PROJECT */ = {
			isa = PBXGroup;
			children = (
				BC1693DA24D0E44A00F9C8A7 /* AppDelegate.swift */,
				BC1693DC24D0E44A00F9C8A7 /* SceneDelegate.swift */,
				BC1693DE24D0E44A00F9C8A7 /* ViewController.swift */,
				BC1693E024D0E44A00F9C8A7 /* Main.storyboard */,
				BC1693E624D0E45100F9C8A7 /* Assets.xcassets */,
				BC1693E824D0E45100F9C8A7 /* LaunchScreen.storyboard */,
				BC1693EB24D0E45100F9C8A7 /* Info.plist */,
				BC1693E324D0E44A00F9C8A7 /* FINAL_PROJECT.xcdatamodeld */,
			);
			path = "FINAL-PROJECT";
			sourceTree = "<group>";
		};
/* End PBXGroup section */

/* Begin PBXNativeTarget section */
		BC1693D624D0E44A00F9C8A7 /* FINAL-PROJECT */ = {
			isa = PBXNativeTarget;
			buildConfigurationList = BC1693EE24D0E45100F9C8A7 /* Build configuration list for PBXNativeTarget "FINAL-PROJECT" */;
			buildPhases = (
				BC1693D324D0E44A00F9C8A7 /* Sources */,
				BC1693D424D0E44A00F9C8A7 /* Frameworks */,
				BC1693D524D0E44A00F9C8A7 /* Resources */,
			);
			buildRules = (
			);
			dependencies = (
			);
			name = "FINAL-PROJECT";
			productName = "FINAL-PROJECT";
			productReference = BC1693D724D0E44A00F9C8A7 /* FINAL-PROJECT.app */;
			productType = "com.apple.product-type.application";
		};
/* End PBXNativeTarget section */

/* Begin PBXProject section */
		BC1693CF24D0E44A00F9C8A7 /* Project object */ = {
			isa = PBXProject;
			attributes = {
				LastSwiftUpdateCheck = 1160;
				LastUpgradeCheck = 1160;
				ORGANIZATIONNAME = "Christina Lee";
				TargetAttributes = {
					BC1693D624D0E44A00F9C8A7 = {
						CreatedOnToolsVersion = 11.6;
					};
				};
			};
			buildConfigurationList = BC1693D224D0E44A00F9C8A7 /* Build configuration list for PBXProject "FINAL-PROJECT" */;
			compatibilityVersion = "Xcode 9.3";
			developmentRegion = en;
			hasScannedForEncodings = 0;
			knownRegions = (
				en,
				Base,
			);
			mainGroup = BC1693CE24D0E44A00F9C8A7;
			productRefGroup = BC1693D824D0E44A00F9C8A7 /* Products */;
			projectDirPath = "";
			projectRoot = "";
			targets = (
				BC1693D624D0E44A00F9C8A7 /* FINAL-PROJECT */,
			);
		};
/* End PBXProject section */

/* Begin PBXResourcesBuildPhase section */
		BC1693D524D0E44A00F9C8A7 /* Resources */ = {
			isa = PBXResourcesBuildPhase;
			buildActionMask = 2147483647;
			files = (
				BC1693EA24D0E45100F9C8A7 /* LaunchScreen.storyboard in Resources */,
				BC1693E724D0E45100F9C8A7 /* Assets.xcassets in Resources */,
				BC1693E224D0E44A00F9C8A7 /* Main.storyboard in Resources */,
			);
			runOnlyForDeploymentPostprocessing = 0;
		};
/* End PBXResourcesBuildPhase section */

/* Begin PBXSourcesBuildPhase section */
		BC1693D324D0E44A00F9C8A7 /* Sources */ = {
			isa = PBXSourcesBuildPhase;
			buildActionMask = 2147483647;
			files = (
				BC1693DF24D0E44A00F9C8A7 /* ViewController.swift in Sources */,
				BC1693DB24D0E44A00F9C8A7 /* AppDelegate.swift in Sources */,
				BC1693E524D0E44A00F9C8A7 /* FINAL_PROJECT.xcdatamodeld in Sources */,
				BC1693DD24D0E44A00F9C8A7 /* SceneDelegate.swift in Sources */,
			);
			runOnlyForDeploymentPostprocessing = 0;
		};
/* End PBXSourcesBuildPhase section */

/* Begin PBXVariantGroup section */
		BC1693E024D0E44A00F9C8A7 /* Main.storyboard */ = {
			isa = PBXVariantGroup;
			children = (
				BC1693E124D0E44A00F9C8A7 /* Base */,
			);
			name = Main.storyboard;
			sourceTree = "<group>";
		};
		BC1693E824D0E45100F9C8A7 /* LaunchScreen.storyboard */ = {
			isa = PBXVariantGroup;
			children = (
				BC1693E924D0E45100F9C8A7 /* Base */,
			);
			name = LaunchScreen.storyboard;
			sourceTree = "<group>";
		};
/* End PBXVariantGroup section */

/* Begin XCBuildConfiguration section */
		BC1693EC24D0E45100F9C8A7 /* Debug */ = {
			isa = XCBuildConfiguration;
			buildSettings = {
				ALWAYS_SEARCH_USER_PATHS = NO;
				CLANG_ANALYZER_NONNULL = YES;
				CLANG_ANALYZER_NUMBER_OBJECT_CONVERSION = YES_AGGRESSIVE;
				CLANG_CXX_LANGUAGE_STANDARD = "gnu++14";
				CLANG_CXX_LIBRARY = "libc++";
				CLANG_ENABLE_MODULES = YES;
				CLANG_ENABLE_OBJC_ARC = YES;
				CLANG_ENABLE_OBJC_WEAK = YES;
				CLANG_WARN_BLOCK_CAPTURE_AUTORELEASING = YES;
				CLANG_WARN_BOOL_CONVERSION = YES;
				CLANG_WARN_COMMA = YES;
				CLANG_WARN_CONSTANT_CONVERSION = YES;
				CLANG_WARN_DEPRECATED_OBJC_IMPLEMENTATIONS = YES;
				CLANG_WARN_DIRECT_OBJC_ISA_USAGE = YES_ERROR;
				CLANG_WARN_DOCUMENTATION_COMMENTS = YES;
				CLANG_WARN_EMPTY_BODY = YES;
				CLANG_WARN_ENUM_CONVERSION = YES;
				CLANG_WARN_INFINITE_RECURSION = YES;
				CLANG_WARN_INT_CONVERSION = YES;
				CLANG_WARN_NON_LITERAL_NULL_CONVERSION = YES;
				CLANG_WARN_OBJC_IMPLICIT_RETAIN_SELF = YES;
				CLANG_WARN_OBJC_LITERAL_CONVERSION = YES;
				CLANG_WARN_OBJC_ROOT_CLASS = YES_ERROR;
				CLANG_WARN_RANGE_LOOP_ANALYSIS = YES;
				CLANG_WARN_STRICT_PROTOTYPES = YES;
				CLANG_WARN_SUSPICIOUS_MOVE = YES;
				CLANG_WARN_UNGUARDED_AVAILABILITY = YES_AGGRESSIVE;
				CLANG_WARN_UNREACHABLE_CODE = YES;
				CLANG_WARN__DUPLICATE_METHOD_MATCH = YES;
				COPY_PHASE_STRIP = NO;
				DEBUG_INFORMATION_FORMAT = dwarf;
				ENABLE_STRICT_OBJC_MSGSEND = YES;
				ENABLE_TESTABILITY = YES;
				GCC_C_LANGUAGE_STANDARD = gnu11;
				GCC_DYNAMIC_NO_PIC = NO;
				GCC_NO_COMMON_BLOCKS = YES;
				GCC_OPTIMIZATION_LEVEL = 0;
				GCC_PREPROCESSOR_DEFINITIONS = (
					"DEBUG=1",
					"$(inherited)",
				);
				GCC_WARN_64_TO_32_BIT_CONVERSION = YES;
				GCC_WARN_ABOUT_RETURN_TYPE = YES_ERROR;
				GCC_WARN_UNDECLARED_SELECTOR = YES;
				GCC_WARN_UNINITIALIZED_AUTOS = YES_AGGRESSIVE;
				GCC_WARN_UNUSED_FUNCTION = YES;
				GCC_WARN_UNUSED_VARIABLE = YES;
				IPHONEOS_DEPLOYMENT_TARGET = 13.6;
				MTL_ENABLE_DEBUG_INFO = INCLUDE_SOURCE;
				MTL_FAST_MATH = YES;
				ONLY_ACTIVE_ARCH = YES;
				SDKROOT = iphoneos;
				SWIFT_ACTIVE_COMPILATION_CONDITIONS = DEBUG;
				SWIFT_OPTIMIZATION_LEVEL = "-Onone";
			};
			name = Debug;
		};
		BC1693ED24D0E45100F9C8A7 /* Release */ = {
			isa = XCBuildConfiguration;
			buildSettings = {
				ALWAYS_SEARCH_USER_PATHS = NO;
				CLANG_ANALYZER_NONNULL = YES;
				CLANG_ANALYZER_NUMBER_OBJECT_CONVERSION = YES_AGGRESSIVE;
				CLANG_CXX_LANGUAGE_STANDARD = "gnu++14";
				CLANG_CXX_LIBRARY = "libc++";
				CLANG_ENABLE_MODULES = YES;
				CLANG_ENABLE_OBJC_ARC = YES;
				CLANG_ENABLE_OBJC_WEAK = YES;
				CLANG_WARN_BLOCK_CAPTURE_AUTORELEASING = YES;
				CLANG_WARN_BOOL_CONVERSION = YES;
				CLANG_WARN_COMMA = YES;
				CLANG_WARN_CONSTANT_CONVERSION = YES;
				CLANG_WARN_DEPRECATED_OBJC_IMPLEMENTATIONS = YES;
				CLANG_WARN_DIRECT_OBJC_ISA_USAGE = YES_ERROR;
				CLANG_WARN_DOCUMENTATION_COMMENTS = YES;
				CLANG_WARN_EMPTY_BODY = YES;
				CLANG_WARN_ENUM_CONVERSION = YES;
				CLANG_WARN_INFINITE_RECURSION = YES;
				CLANG_WARN_INT_CONVERSION = YES;
				CLANG_WARN_NON_LITERAL_NULL_CONVERSION = YES;
				CLANG_WARN_OBJC_IMPLICIT_RETAIN_SELF = YES;
				CLANG_WARN_OBJC_LITERAL_CONVERSION = YES;
				CLANG_WARN_OBJC_ROOT_CLASS = YES_ERROR;
				CLANG_WARN_RANGE_LOOP_ANALYSIS = YES;
				CLANG_WARN_STRICT_PROTOTYPES = YES;
				CLANG_WARN_SUSPICIOUS_MOVE = YES;
				CLANG_WARN_UNGUARDED_AVAILABILITY = YES_AGGRESSIVE;
				CLANG_WARN_UNREACHABLE_CODE = YES;
				CLANG_WARN__DUPLICATE_METHOD_MATCH = YES;
				COPY_PHASE_STRIP = NO;
				DEBUG_INFORMATION_FORMAT = "dwarf-with-dsym";
				ENABLE_NS_ASSERTIONS = NO;
				ENABLE_STRICT_OBJC_MSGSEND = YES;
				GCC_C_LANGUAGE_STANDARD = gnu11;
				GCC_NO_COMMON_BLOCKS = YES;
				GCC_WARN_64_TO_32_BIT_CONVERSION = YES;
				GCC_WARN_ABOUT_RETURN_TYPE = YES_ERROR;
				GCC_WARN_UNDECLARED_SELECTOR = YES;
				GCC_WARN_UNINITIALIZED_AUTOS = YES_AGGRESSIVE;
				GCC_WARN_UNUSED_FUNCTION = YES;
				GCC_WARN_UNUSED_VARIABLE = YES;
				IPHONEOS_DEPLOYMENT_TARGET = 13.6;
				MTL_ENABLE_DEBUG_INFO = NO;
				MTL_FAST_MATH = YES;
				SDKROOT = iphoneos;
				SWIFT_COMPILATION_MODE = wholemodule;
				SWIFT_OPTIMIZATION_LEVEL = "-O";
				VALIDATE_PRODUCT = YES;
			};
			name = Release;
		};
		BC1693EF24D0E45100F9C8A7 /* Debug */ = {
			isa = XCBuildConfiguration;
			buildSettings = {
				ASSETCATALOG_COMPILER_APPICON_NAME = AppIcon;
				CODE_SIGN_STYLE = Automatic;
				INFOPLIST_FILE = "FINAL-PROJECT/Info.plist";
				LD_RUNPATH_SEARCH_PATHS = (
					"$(inherited)",
					"@executable_path/Frameworks",
				);
				PRODUCT_BUNDLE_IDENTIFIER = "KWK.FINAL-PROJECT";
				PRODUCT_NAME = "$(TARGET_NAME)";
				SWIFT_VERSION = 5.0;
				TARGETED_DEVICE_FAMILY = "1,2";
			};
			name = Debug;
		};
		BC1693F024D0E45100F9C8A7 /* Release */ = {
			isa = XCBuildConfiguration;
			buildSettings = {
				ASSETCATALOG_COMPILER_APPICON_NAME = AppIcon;
				CODE_SIGN_STYLE = Automatic;
				INFOPLIST_FILE = "FINAL-PROJECT/Info.plist";
				LD_RUNPATH_SEARCH_PATHS = (
					"$(inherited)",
					"@executable_path/Frameworks",
				);
				PRODUCT_BUNDLE_IDENTIFIER = "KWK.FINAL-PROJECT";
				PRODUCT_NAME = "$(TARGET_NAME)";
				SWIFT_VERSION = 5.0;
				TARGETED_DEVICE_FAMILY = "1,2";
			};
			name = Release;
		};
/* End XCBuildConfiguration section */

/* Begin XCConfigurationList section */
		BC1693D224D0E44A00F9C8A7 /* Build configuration list for PBXProject "FINAL-PROJECT" */ = {
			isa = XCConfigurationList;
			buildConfigurations = (
				BC1693EC24D0E45100F9C8A7 /* Debug */,
				BC1693ED24D0E45100F9C8A7 /* Release */,
			);
			defaultConfigurationIsVisible = 0;
			defaultConfigurationName = Release;
		};
		BC1693EE24D0E45100F9C8A7 /* Build configuration list for PBXNativeTarget "FINAL-PROJECT" */ = {
			isa = XCConfigurationList;
			buildConfigurations = (
				BC1693EF24D0E45100F9C8A7 /* Debug */,
				BC1693F024D0E45100F9C8A7 /* Release */,
			);
			defaultConfigurationIsVisible = 0;
			defaultConfigurationName = Release;
		};
/* End XCConfigurationList section */

/* Begin XCVersionGroup section */
		BC1693E324D0E44A00F9C8A7 /* FINAL_PROJECT.xcdatamodeld */ = {
			isa = XCVersionGroup;
			children = (
				BC1693E424D0E44A00F9C8A7 /* FINAL_PROJECT.xcdatamodel */,
			);
			currentVersion = BC1693E424D0E44A00F9C8A7 /* FINAL_PROJECT.xcdatamodel */;
			path = FINAL_PROJECT.xcdatamodeld;
			sourceTree = "<group>";
			versionGroupType = wrapper.xcdatamodel;
		};
/* End XCVersionGroup section */
	};
	rootObject = BC1693CF24D0E44A00F9C8A7 /* Project object */;
}
